
Microsoft Visual Studio Solution File, Format Version 12.00
# Visual Studio Version 16
VisualStudioVersion = 16.0.30330.147
MinimumVisualStudioVersion = 10.0.40219.1
Project("{9A19103F-16F7-4668-BE54-9A1E7A4F7556}") = "Bbin.Core", "Bbin.Core\Bbin.Core.csproj", "{54C93D9E-033D-4F6B-B709-874CBBE44D5C}"
EndProject
Project("{9A19103F-16F7-4668-BE54-9A1E7A4F7556}") = "Bbin.Result", "Bbin.Result\Bbin.Result.csproj", "{48923CA4-CC3D-44FA-BC5B-7C38606373C8}"
EndProject
Project("{9A19103F-16F7-4668-BE54-9A1E7A4F7556}") = "Bbin.Bet", "Bbin.Bet\Bbin.Bet.csproj", "{01EEB9CF-ED72-45FE-BE59-8673EFC11D81}"
EndProject
Project("{9A19103F-16F7-4668-BE54-9A1E7A4F7556}") = "Bbin.BaiduAI", "Bbin.BaiduAI\Bbin.BaiduAI.csproj", "{97674D61-F859-42EF-A5B2-FA8BAD61BA21}"
EndProject
Project("{9A19103F-16F7-4668-BE54-9A1E7A4F7556}") = "Bbin.Data", "Bbin.Data\Bbin.Data.csproj", "{3275C8D3-53BC-451B-819F-6E5A9756B65F}"
EndProject
Project("{9A19103F-16F7-4668-BE54-9A1E7A4F7556}") = "Bbin.Sniffer", "Bbin.Sinffer\Bbin.Sniffer.csproj", "{177314C6-7C37-435B-9BB9-EB6E03684B94}"
EndProject
Project("{9A19103F-16F7-4668-BE54-9A1E7A4F7556}") = "Bbin.ResultConsoleApp", "Bbin.ResultConsoleApp\Bbin.ResultConsoleApp.csproj", "{8592CBF2-97C2-4D49-9968-39E6659ECD6F}"
EndProject
Project("{9A19103F-16F7-4668-BE54-9A1E7A4F7556}") = "Bbin.SnifferConsoleApp", "Bbin.SnifferConsoleApp\Bbin.SnifferConsoleApp.csproj", "{9635D818-5257-4CD3-AC57-6139ACA65FD5}"
EndProject
Project("{2150E333-8FDC-42A3-9474-1A3956D46DE8}") = "Bbin.SnifferService", "Bbin.SnifferService", "{53E3685A-9F85-4014-8E44-11CDA8A26BFB}"
EndProject
Project("{2150E333-8FDC-42A3-9474-1A3956D46DE8}") = "Bbin.ResultService", "Bbin.ResultService", "{D407D611-DC79-48E4-BE50-17B779F626A2}"
EndProject
Project("{2150E333-8FDC-42A3-9474-1A3956D46DE8}") = "Bbin.ManagerService", "Bbin.ManagerService", "{E57AAEA1-3F2C-4D69-918A-EE15988C9CC8}"
EndProject
Project("{2150E333-8FDC-42A3-9474-1A3956D46DE8}") = "Bbin.Common", "Bbin.Common", "{F8D08948-BC35-459A-9BDD-D101A4031726}"
EndProject
Project("{9A19103F-16F7-4668-BE54-9A1E7A4F7556}") = "Bbin.Manager", "Bbin.Manager\Bbin.Manager.csproj", "{0508194F-5489-4B2B-B5C9-A283E45CF515}"
EndProject
Project("{2150E333-8FDC-42A3-9474-1A3956D46DE8}") = "Bbin.BetService", "Bbin.BetService", "{C94FC491-52EE-45BA-851F-3C9F36E31AF6}"
EndProject
Project("{9A19103F-16F7-4668-BE54-9A1E7A4F7556}") = "Bbin.ManagerWebApp", "Bbin.ManagerWebApp\Bbin.ManagerWebApp.csproj", "{D2CE0023-E79B-45A4-91E1-5720E5CBE86E}"
EndProject
Global
	GlobalSection(SolutionConfigurationPlatforms) = preSolution
		Debug|Any CPU = Debug|Any CPU
		Release|Any CPU = Release|Any CPU
	EndGlobalSection
	GlobalSection(ProjectConfigurationPlatforms) = postSolution
		{54C93D9E-033D-4F6B-B709-874CBBE44D5C}.Debug|Any CPU.ActiveCfg = Debug|Any CPU
		{54C93D9E-033D-4F6B-B709-874CBBE44D5C}.Debug|Any CPU.Build.0 = Debug|Any CPU
		{54C93D9E-033D-4F6B-B709-874CBBE44D5C}.Release|Any CPU.ActiveCfg = Release|Any CPU
		{54C93D9E-033D-4F6B-B709-874CBBE44D5C}.Release|Any CPU.Build.0 = Release|Any CPU
		{48923CA4-CC3D-44FA-BC5B-7C38606373C8}.Debug|Any CPU.ActiveCfg = Debug|Any CPU
		{48923CA4-CC3D-44FA-BC5B-7C38606373C8}.Debug|Any CPU.Build.0 = Debug|Any CPU
		{48923CA4-CC3D-44FA-BC5B-7C38606373C8}.Release|Any CPU.ActiveCfg = Release|Any CPU
		{48923CA4-CC3D-44FA-BC5B-7C38606373C8}.Release|Any CPU.Build.0 = Release|Any CPU
		{01EEB9CF-ED72-45FE-BE59-8673EFC11D81}.Debug|Any CPU.ActiveCfg = Debug|Any CPU
		{01EEB9CF-ED72-45FE-BE59-8673EFC11D81}.Debug|Any CPU.Build.0 = Debug|Any CPU
		{01EEB9CF-ED72-45FE-BE59-8673EFC11D81}.Release|Any CPU.ActiveCfg = Release|Any CPU
		{01EEB9CF-ED72-45FE-BE59-8673EFC11D81}.Release|Any CPU.Build.0 = Release|Any CPU
		{97674D61-F859-42EF-A5B2-FA8BAD61BA21}.Debug|Any CPU.ActiveCfg = Debug|Any CPU
		{97674D61-F859-42EF-A5B2-FA8BAD61BA21}.Debug|Any CPU.Build.0 = Debug|Any CPU
		{97674D61-F859-42EF-A5B2-FA8BAD61BA21}.Release|Any CPU.ActiveCfg = Release|Any CPU
		{97674D61-F859-42EF-A5B2-FA8BAD61BA21}.Release|Any CPU.Build.0 = Release|Any CPU
		{3275C8D3-53BC-451B-819F-6E5A9756B65F}.Debug|Any CPU.ActiveCfg = Debug|Any CPU
		{3275C8D3-53BC-451B-819F-6E5A9756B65F}.Debug|Any CPU.Build.0 = Debug|Any CPU
		{3275C8D3-53BC-451B-819F-6E5A9756B65F}.Release|Any CPU.ActiveCfg = Release|Any CPU
		{3275C8D3-53BC-451B-819F-6E5A9756B65F}.Release|Any CPU.Build.0 = Release|Any CPU
		{177314C6-7C37-435B-9BB9-EB6E03684B94}.Debug|Any CPU.ActiveCfg = Debug|Any CPU
		{177314C6-7C37-435B-9BB9-EB6E03684B94}.Debug|Any CPU.Build.0 = Debug|Any CPU
		{177314C6-7C37-435B-9BB9-EB6E03684B94}.Release|Any CPU.ActiveCfg = Release|Any CPU
		{177314C6-7C37-435B-9BB9-EB6E03684B94}.Release|Any CPU.Build.0 = Release|Any CPU
		{8592CBF2-97C2-4D49-9968-39E6659ECD6F}.Debug|Any CPU.ActiveCfg = Debug|Any CPU
		{8592CBF2-97C2-4D49-9968-39E6659ECD6F}.Debug|Any CPU.Build.0 = Debug|Any CPU
		{8592CBF2-97C2-4D49-9968-39E6659ECD6F}.Release|Any CPU.ActiveCfg = Release|Any CPU
		{8592CBF2-97C2-4D49-9968-39E6659ECD6F}.Release|Any CPU.Build.0 = Release|Any CPU
		{9635D818-5257-4CD3-AC57-6139ACA65FD5}.Debug|Any CPU.ActiveCfg = Debug|Any CPU
		{9635D818-5257-4CD3-AC57-6139ACA65FD5}.Debug|Any CPU.Build.0 = Debug|Any CPU
		{9635D818-5257-4CD3-AC57-6139ACA65FD5}.Release|Any CPU.ActiveCfg = Release|Any CPU
		{9635D818-5257-4CD3-AC57-6139ACA65FD5}.Release|Any CPU.Build.0 = Release|Any CPU
		{0508194F-5489-4B2B-B5C9-A283E45CF515}.Debug|Any CPU.ActiveCfg = Debug|Any CPU
		{0508194F-5489-4B2B-B5C9-A283E45CF515}.Debug|Any CPU.Build.0 = Debug|Any CPU
		{0508194F-5489-4B2B-B5C9-A283E45CF515}.Release|Any CPU.ActiveCfg = Release|Any CPU
		{0508194F-5489-4B2B-B5C9-A283E45CF515}.Release|Any CPU.Build.0 = Release|Any CPU
		{D2CE0023-E79B-45A4-91E1-5720E5CBE86E}.Debug|Any CPU.ActiveCfg = Debug|Any CPU
		{D2CE0023-E79B-45A4-91E1-5720E5CBE86E}.Debug|Any CPU.Build.0 = Debug|Any CPU
		{D2CE0023-E79B-45A4-91E1-5720E5CBE86E}.Release|Any CPU.ActiveCfg = Release|Any CPU
		{D2CE0023-E79B-45A4-91E1-5720E5CBE86E}.Release|Any CPU.Build.0 = Release|Any CPU
	EndGlobalSection
	GlobalSection(SolutionProperties) = preSolution
		HideSolutionNode = FALSE
	EndGlobalSection
	GlobalSection(NestedProjects) = preSolution
		{54C93D9E-033D-4F6B-B709-874CBBE44D5C} = {F8D08948-BC35-459A-9BDD-D101A4031726}
		{48923CA4-CC3D-44FA-BC5B-7C38606373C8} = {D407D611-DC79-48E4-BE50-17B779F626A2}
		{01EEB9CF-ED72-45FE-BE59-8673EFC11D81} = {C94FC491-52EE-45BA-851F-3C9F36E31AF6}
		{97674D61-F859-42EF-A5B2-FA8BAD61BA21} = {F8D08948-BC35-459A-9BDD-D101A4031726}
		{3275C8D3-53BC-451B-819F-6E5A9756B65F} = {F8D08948-BC35-459A-9BDD-D101A4031726}
		{177314C6-7C37-435B-9BB9-EB6E03684B94} = {53E3685A-9F85-4014-8E44-11CDA8A26BFB}
		{8592CBF2-97C2-4D49-9968-39E6659ECD6F} = {D407D611-DC79-48E4-BE50-17B779F626A2}
		{9635D818-5257-4CD3-AC57-6139ACA65FD5} = {53E3685A-9F85-4014-8E44-11CDA8A26BFB}
		{0508194F-5489-4B2B-B5C9-A283E45CF515} = {E57AAEA1-3F2C-4D69-918A-EE15988C9CC8}
		{D2CE0023-E79B-45A4-91E1-5720E5CBE86E} = {E57AAEA1-3F2C-4D69-918A-EE15988C9CC8}
	EndGlobalSection
	GlobalSection(ExtensibilityGlobals) = postSolution
		SolutionGuid = {BB560BCD-8031-488E-BB8C-3DF0D6CBDE41}
	EndGlobalSection
EndGlobal
